
Microsoft Visual Studio Solution File, Format Version 12.00
# Visual Studio 15
VisualStudioVersion = 15.0.27004.2010
MinimumVisualStudioVersion = 10.0.40219.1
Project("{FAE04EC0-301F-11D3-BF4B-00C04F79EFBC}") = "day11-chronal-charge", "day11-chronal-charge\day11-chronal-charge.csproj", "{26EE9180-AF54-48AC-B1E3-E0285EECEB91}"
EndProject
Global
	GlobalSection(SolutionConfigurationPlatforms) = preSolution
		Debug|Any CPU = Debug|Any CPU
		Release|Any CPU = Release|Any CPU
	EndGlobalSection
	GlobalSection(ProjectConfigurationPlatforms) = postSolution
		{26EE9180-AF54-48AC-B1E3-E0285EECEB91}.Debug|Any CPU.ActiveCfg = Debug|Any CPU
		{26EE9180-AF54-48AC-B1E3-E0285EECEB91}.Debug|Any CPU.Build.0 = Debug|Any CPU
		{26EE9180-AF54-48AC-B1E3-E0285EECEB91}.Release|Any CPU.ActiveCfg = Release|Any CPU
		{26EE9180-AF54-48AC-B1E3-E0285EECEB91}.Release|Any CPU.Build.0 = Release|Any CPU
	EndGlobalSection
	GlobalSection(SolutionProperties) = preSolution
		HideSolutionNode = FALSE
	EndGlobalSection
	GlobalSection(ExtensibilityGlobals) = postSolution
		SolutionGuid = {4F482279-F314-4774-AD97-E3FBE15C7835}
	EndGlobalSection
EndGlobal
