
Microsoft Visual Studio Solution File, Format Version 12.00
# Visual Studio 15
VisualStudioVersion = 15.0.27004.2010
MinimumVisualStudioVersion = 10.0.40219.1
Project("{FAE04EC0-301F-11D3-BF4B-00C04F79EFBC}") = "day18-settlers-of-the-north-pole", "day18-settlers-of-the-north-pole\day18-settlers-of-the-north-pole.csproj", "{44A1815A-351C-4A31-99EC-76DB392D4A6C}"
EndProject
Global
	GlobalSection(SolutionConfigurationPlatforms) = preSolution
		Debug|Any CPU = Debug|Any CPU
		Release|Any CPU = Release|Any CPU
	EndGlobalSection
	GlobalSection(ProjectConfigurationPlatforms) = postSolution
		{44A1815A-351C-4A31-99EC-76DB392D4A6C}.Debug|Any CPU.ActiveCfg = Debug|Any CPU
		{44A1815A-351C-4A31-99EC-76DB392D4A6C}.Debug|Any CPU.Build.0 = Debug|Any CPU
		{44A1815A-351C-4A31-99EC-76DB392D4A6C}.Release|Any CPU.ActiveCfg = Release|Any CPU
		{44A1815A-351C-4A31-99EC-76DB392D4A6C}.Release|Any CPU.Build.0 = Release|Any CPU
	EndGlobalSection
	GlobalSection(SolutionProperties) = preSolution
		HideSolutionNode = FALSE
	EndGlobalSection
	GlobalSection(ExtensibilityGlobals) = postSolution
		SolutionGuid = {48A6463E-DECC-4255-B951-14CA318508DB}
	EndGlobalSection
EndGlobal
